{
  "nodes": {
    "crate2nix": {
      "flake": false,
      "locked": {
        "lastModified": 1646322090,
        "narHash": "sha256-Jtqd5Ory+1LgMMTY0tNJKd/U2mOiPRd/oYnuyTHE08o=",
        "owner": "kolloch",
        "repo": "crate2nix",
        "rev": "c4a479172ebafdd3baf36aa274b2168b4fd42f40",
        "type": "github"
      },
      "original": {
        "owner": "kolloch",
        "repo": "crate2nix",
        "type": "github"
      }
    },
    "flake-utils": {
      "locked": {
        "lastModified": 1649676176,
        "narHash": "sha256-OWKJratjt2RW151VUlJPRALb7OU2S5s+f0vLj4o1bHM=",
        "owner": "numtide",
        "repo": "flake-utils",
        "rev": "a4b154ebbdc88c8498a5c7b01589addc9e9cb678",
        "type": "github"
      },
      "original": {
        "owner": "numtide",
        "repo": "flake-utils",
        "type": "github"
      }
    },
    "nixpkgs": {
      "locked": {
        "lastModified": 1650148739,
        "narHash": "sha256-9DWG/fgTeRSn7iIcFN3JhOk3nckozvzFi/M/v/H3M1k=",
        "owner": "nixos",
        "repo": "nixpkgs",
        "rev": "ecdfa07a5a5eb649fa80bb33529d0ddeef1d67b3",
        "type": "github"
      },
      "original": {
        "owner": "nixos",
        "repo": "nixpkgs",
        "type": "github"
      }
    },
    "root": {
      "inputs": {
        "crate2nix": "crate2nix",
        "flake-utils": "flake-utils",
        "nixpkgs": "nixpkgs"
      }
    }
  },
  "root": "root",
  "version": 7
}
